// !$*UTF8*$!
{
	archiveVersion = 1;
	classes = {
	};
	objectVersion = 60;
	objects = {

/* Begin PBXBuildFile section */
		22098FA32B7DF87A00466644 /* EwargaGrapqlApi in Frameworks */ = {isa = PBXBuildFile; productRef = 22098FA22B7DF87A00466644 /* EwargaGrapqlApi */; };
		22098FA62B7DF8C700466644 /* ApolloError.swift in Sources */ = {isa = PBXBuildFile; fileRef = 22098FA52B7DF8C700466644 /* ApolloError.swift */; };
		22098FAA2B7E116000466644 /* MainView.swift in Sources */ = {isa = PBXBuildFile; fileRef = 22098FA92B7E116000466644 /* MainView.swift */; };
		22098FAF2B7E11EE00466644 /* SideMenuView.swift in Sources */ = {isa = PBXBuildFile; fileRef = 22098FAE2B7E11EE00466644 /* SideMenuView.swift */; };
		22098FB12B7E121600466644 /* SideMenuUtils.swift in Sources */ = {isa = PBXBuildFile; fileRef = 22098FB02B7E121600466644 /* SideMenuUtils.swift */; };
		22098FB62B7E129000466644 /* WargaView.swift in Sources */ = {isa = PBXBuildFile; fileRef = 22098FB52B7E129000466644 /* WargaView.swift */; };
		22098FB82B7E129D00466644 /* BerandaView.swift in Sources */ = {isa = PBXBuildFile; fileRef = 22098FB72B7E129D00466644 /* BerandaView.swift */; };
		22098FBD2B7E135000466644 /* BroadcastView.swift in Sources */ = {isa = PBXBuildFile; fileRef = 22098FBC2B7E135000466644 /* BroadcastView.swift */; };
		22098FBF2B7E139700466644 /* SideMenu.swift in Sources */ = {isa = PBXBuildFile; fileRef = 22098FBE2B7E139700466644 /* SideMenu.swift */; };
		22531F042B7B011B000D25C7 /* ewarga_iosApp.swift in Sources */ = {isa = PBXBuildFile; fileRef = 22531F032B7B011B000D25C7 /* ewarga_iosApp.swift */; };
		22531F062B7B011B000D25C7 /* ContentView.swift in Sources */ = {isa = PBXBuildFile; fileRef = 22531F052B7B011B000D25C7 /* ContentView.swift */; };
		22531F082B7B011D000D25C7 /* Assets.xcassets in Resources */ = {isa = PBXBuildFile; fileRef = 22531F072B7B011D000D25C7 /* Assets.xcassets */; };
		22531F0B2B7B011D000D25C7 /* Preview Assets.xcassets in Resources */ = {isa = PBXBuildFile; fileRef = 22531F0A2B7B011D000D25C7 /* Preview Assets.xcassets */; };
		22531F152B7B011D000D25C7 /* ewarga_iosTests.swift in Sources */ = {isa = PBXBuildFile; fileRef = 22531F142B7B011D000D25C7 /* ewarga_iosTests.swift */; };
		22531F1F2B7B011D000D25C7 /* ewarga_iosUITests.swift in Sources */ = {isa = PBXBuildFile; fileRef = 22531F1E2B7B011D000D25C7 /* ewarga_iosUITests.swift */; };
		22531F212B7B011D000D25C7 /* ewarga_iosUITestsLaunchTests.swift in Sources */ = {isa = PBXBuildFile; fileRef = 22531F202B7B011D000D25C7 /* ewarga_iosUITestsLaunchTests.swift */; };
		22531F312B7B0407000D25C7 /* AuthView.swift in Sources */ = {isa = PBXBuildFile; fileRef = 22531F302B7B0407000D25C7 /* AuthView.swift */; };
		22531F382B7B0EC1000D25C7 /* Apollo in Frameworks */ = {isa = PBXBuildFile; productRef = 22531F372B7B0EC1000D25C7 /* Apollo */; };
		22628F912B86E6D000097973 /* LampiranBroadcastRealm.swift in Sources */ = {isa = PBXBuildFile; fileRef = 22628F902B86E6D000097973 /* LampiranBroadcastRealm.swift */; };
		22628F942B86E6FF00097973 /* LampiranBroadcastVo.swift in Sources */ = {isa = PBXBuildFile; fileRef = 22628F932B86E6FF00097973 /* LampiranBroadcastVo.swift */; };
		22628F992B86EC8900097973 /* Realm in Frameworks */ = {isa = PBXBuildFile; productRef = 22628F982B86EC8900097973 /* Realm */; };
		22628F9B2B86EC8900097973 /* RealmSwift in Frameworks */ = {isa = PBXBuildFile; productRef = 22628F9A2B86EC8900097973 /* RealmSwift */; };
		22628F9D2B86F59700097973 /* LampiranBroadcastView.swift in Sources */ = {isa = PBXBuildFile; fileRef = 22628F9C2B86F59700097973 /* LampiranBroadcastView.swift */; };
		22628F9F2B87058D00097973 /* RealmManager.swift in Sources */ = {isa = PBXBuildFile; fileRef = 22628F9E2B87058D00097973 /* RealmManager.swift */; };
		226A28F32B7B3D8300B81814 /* apollo-codegen-config.json in Sources */ = {isa = PBXBuildFile; fileRef = 226A28F22B7B3D8300B81814 /* apollo-codegen-config.json */; };
		226A28F82B7B416800B81814 /* QueryWarga.graphql in Resources */ = {isa = PBXBuildFile; fileRef = 226A28F72B7B416800B81814 /* QueryWarga.graphql */; };
		226A28FC2B7B422800B81814 /* QueryInstansi.graphql in Resources */ = {isa = PBXBuildFile; fileRef = 226A28FB2B7B422800B81814 /* QueryInstansi.graphql */; };
		226A290A2B7DB06B00B81814 /* schema.graphqls in Resources */ = {isa = PBXBuildFile; fileRef = 226A29092B7DB06B00B81814 /* schema.graphqls */; };
		226A29142B7DB31F00B81814 /* ApolloClient.swift in Sources */ = {isa = PBXBuildFile; fileRef = 226A29132B7DB31F00B81814 /* ApolloClient.swift */; };
		226A29182B7DB3C100B81814 /* InstansiViewModel.swift in Sources */ = {isa = PBXBuildFile; fileRef = 226A29172B7DB3C100B81814 /* InstansiViewModel.swift */; };
		226A291B2B7DB4BA00B81814 /* Network.swift in Sources */ = {isa = PBXBuildFile; fileRef = 226A291A2B7DB4BA00B81814 /* Network.swift */; };
		226A291D2B7DB51200B81814 /* NetworkInterceptorProvider.swift in Sources */ = {isa = PBXBuildFile; fileRef = 226A291C2B7DB51200B81814 /* NetworkInterceptorProvider.swift */; };
		226A291F2B7DB53700B81814 /* InterceptorBearer.swift in Sources */ = {isa = PBXBuildFile; fileRef = 226A291E2B7DB53700B81814 /* InterceptorBearer.swift */; };
		226A29262B7DBC2F00B81814 /* Constans.swift in Sources */ = {isa = PBXBuildFile; fileRef = 226A29252B7DBC2F00B81814 /* Constans.swift */; };
		226A29292B7DBC9F00B81814 /* SessionTokenHolder.swift in Sources */ = {isa = PBXBuildFile; fileRef = 226A29282B7DBC9F00B81814 /* SessionTokenHolder.swift */; };
		226CC5D12B82EFB9001C649E /* BroadcastViewModel.swift in Sources */ = {isa = PBXBuildFile; fileRef = 226CC5D02B82EFB9001C649E /* BroadcastViewModel.swift */; };
		226CC5D32B82F1A6001C649E /* CreateBroadcast.graphql in Resources */ = {isa = PBXBuildFile; fileRef = 226CC5D22B82F1A6001C649E /* CreateBroadcast.graphql */; };
		226CC5D52B844D9F001C649E /* BroadcastRepository.swift in Sources */ = {isa = PBXBuildFile; fileRef = 226CC5D42B844D9E001C649E /* BroadcastRepository.swift */; };
		22E371BF2B7EF85C00C4D53E /* WargaViewModel.swift in Sources */ = {isa = PBXBuildFile; fileRef = 22E371BE2B7EF85C00C4D53E /* WargaViewModel.swift */; };
		22E371C12B7EFB2F00C4D53E /* ServiceError.swift in Sources */ = {isa = PBXBuildFile; fileRef = 22E371C02B7EFB2F00C4D53E /* ServiceError.swift */; };
		22E371C32B7EFEE100C4D53E /* BuilderMain.swift in Sources */ = {isa = PBXBuildFile; fileRef = 22E371C22B7EFEE100C4D53E /* BuilderMain.swift */; };
		22E371C62B7F047A00C4D53E /* SearchBar.swift in Sources */ = {isa = PBXBuildFile; fileRef = 22E371C52B7F047A00C4D53E /* SearchBar.swift */; };
		22F9063B2B7F369E00740E4D /* MasterViewModel.swift in Sources */ = {isa = PBXBuildFile; fileRef = 22F9063A2B7F369E00740E4D /* MasterViewModel.swift */; };
		22F9063D2B7F3B1000740E4D /* PageMain.swift in Sources */ = {isa = PBXBuildFile; fileRef = 22F9063C2B7F3B1000740E4D /* PageMain.swift */; };
		22F9063F2B7F3E0E00740E4D /* FormBroadcastView.swift in Sources */ = {isa = PBXBuildFile; fileRef = 22F9063E2B7F3E0E00740E4D /* FormBroadcastView.swift */; };
/* End PBXBuildFile section */

/* Begin PBXContainerItemProxy section */
		22531F112B7B011D000D25C7 /* PBXContainerItemProxy */ = {
			isa = PBXContainerItemProxy;
			containerPortal = 22531EF82B7B011B000D25C7 /* Project object */;
			proxyType = 1;
			remoteGlobalIDString = 22531EFF2B7B011B000D25C7;
			remoteInfo = "ewarga-ios";
		};
		22531F1B2B7B011D000D25C7 /* PBXContainerItemProxy */ = {
			isa = PBXContainerItemProxy;
			containerPortal = 22531EF82B7B011B000D25C7 /* Project object */;
			proxyType = 1;
			remoteGlobalIDString = 22531EFF2B7B011B000D25C7;
			remoteInfo = "ewarga-ios";
		};
/* End PBXContainerItemProxy section */

/* Begin PBXFileReference section */
		22098FA52B7DF8C700466644 /* ApolloError.swift */ = {isa = PBXFileReference; lastKnownFileType = sourcecode.swift; path = ApolloError.swift; sourceTree = "<group>"; };
		22098FA92B7E116000466644 /* MainView.swift */ = {isa = PBXFileReference; lastKnownFileType = sourcecode.swift; path = MainView.swift; sourceTree = "<group>"; };
		22098FAE2B7E11EE00466644 /* SideMenuView.swift */ = {isa = PBXFileReference; lastKnownFileType = sourcecode.swift; path = SideMenuView.swift; sourceTree = "<group>"; };
		22098FB02B7E121600466644 /* SideMenuUtils.swift */ = {isa = PBXFileReference; lastKnownFileType = sourcecode.swift; path = SideMenuUtils.swift; sourceTree = "<group>"; };
		22098FB52B7E129000466644 /* WargaView.swift */ = {isa = PBXFileReference; lastKnownFileType = sourcecode.swift; path = WargaView.swift; sourceTree = "<group>"; };
		22098FB72B7E129D00466644 /* BerandaView.swift */ = {isa = PBXFileReference; lastKnownFileType = sourcecode.swift; path = BerandaView.swift; sourceTree = "<group>"; };
		22098FBC2B7E135000466644 /* BroadcastView.swift */ = {isa = PBXFileReference; lastKnownFileType = sourcecode.swift; path = BroadcastView.swift; sourceTree = "<group>"; };
		22098FBE2B7E139700466644 /* SideMenu.swift */ = {isa = PBXFileReference; lastKnownFileType = sourcecode.swift; path = SideMenu.swift; sourceTree = "<group>"; };
		22531F002B7B011B000D25C7 /* ewarga-ios.app */ = {isa = PBXFileReference; explicitFileType = wrapper.application; includeInIndex = 0; path = "ewarga-ios.app"; sourceTree = BUILT_PRODUCTS_DIR; };
		22531F032B7B011B000D25C7 /* ewarga_iosApp.swift */ = {isa = PBXFileReference; lastKnownFileType = sourcecode.swift; path = ewarga_iosApp.swift; sourceTree = "<group>"; };
		22531F052B7B011B000D25C7 /* ContentView.swift */ = {isa = PBXFileReference; lastKnownFileType = sourcecode.swift; path = ContentView.swift; sourceTree = "<group>"; };
		22531F072B7B011D000D25C7 /* Assets.xcassets */ = {isa = PBXFileReference; lastKnownFileType = folder.assetcatalog; path = Assets.xcassets; sourceTree = "<group>"; };
		22531F0A2B7B011D000D25C7 /* Preview Assets.xcassets */ = {isa = PBXFileReference; lastKnownFileType = folder.assetcatalog; path = "Preview Assets.xcassets"; sourceTree = "<group>"; };
		22531F102B7B011D000D25C7 /* ewarga-iosTests.xctest */ = {isa = PBXFileReference; explicitFileType = wrapper.cfbundle; includeInIndex = 0; path = "ewarga-iosTests.xctest"; sourceTree = BUILT_PRODUCTS_DIR; };
		22531F142B7B011D000D25C7 /* ewarga_iosTests.swift */ = {isa = PBXFileReference; lastKnownFileType = sourcecode.swift; path = ewarga_iosTests.swift; sourceTree = "<group>"; };
		22531F1A2B7B011D000D25C7 /* ewarga-iosUITests.xctest */ = {isa = PBXFileReference; explicitFileType = wrapper.cfbundle; includeInIndex = 0; path = "ewarga-iosUITests.xctest"; sourceTree = BUILT_PRODUCTS_DIR; };
		22531F1E2B7B011D000D25C7 /* ewarga_iosUITests.swift */ = {isa = PBXFileReference; lastKnownFileType = sourcecode.swift; path = ewarga_iosUITests.swift; sourceTree = "<group>"; };
		22531F202B7B011D000D25C7 /* ewarga_iosUITestsLaunchTests.swift */ = {isa = PBXFileReference; lastKnownFileType = sourcecode.swift; path = ewarga_iosUITestsLaunchTests.swift; sourceTree = "<group>"; };
		22531F302B7B0407000D25C7 /* AuthView.swift */ = {isa = PBXFileReference; lastKnownFileType = sourcecode.swift; path = AuthView.swift; sourceTree = "<group>"; };
		22628F902B86E6D000097973 /* LampiranBroadcastRealm.swift */ = {isa = PBXFileReference; lastKnownFileType = sourcecode.swift; path = LampiranBroadcastRealm.swift; sourceTree = "<group>"; };
		22628F932B86E6FF00097973 /* LampiranBroadcastVo.swift */ = {isa = PBXFileReference; lastKnownFileType = sourcecode.swift; path = LampiranBroadcastVo.swift; sourceTree = "<group>"; };
		22628F9C2B86F59700097973 /* LampiranBroadcastView.swift */ = {isa = PBXFileReference; lastKnownFileType = sourcecode.swift; path = LampiranBroadcastView.swift; sourceTree = "<group>"; };
		22628F9E2B87058D00097973 /* RealmManager.swift */ = {isa = PBXFileReference; lastKnownFileType = sourcecode.swift; path = RealmManager.swift; sourceTree = "<group>"; };
		226A28F22B7B3D8300B81814 /* apollo-codegen-config.json */ = {isa = PBXFileReference; lastKnownFileType = text.json; path = "apollo-codegen-config.json"; sourceTree = "<group>"; };
		226A28F72B7B416800B81814 /* QueryWarga.graphql */ = {isa = PBXFileReference; lastKnownFileType = text; path = QueryWarga.graphql; sourceTree = "<group>"; };
		226A28FB2B7B422800B81814 /* QueryInstansi.graphql */ = {isa = PBXFileReference; lastKnownFileType = text; path = QueryInstansi.graphql; sourceTree = "<group>"; };
		226A29092B7DB06B00B81814 /* schema.graphqls */ = {isa = PBXFileReference; fileEncoding = 4; lastKnownFileType = text; path = schema.graphqls; sourceTree = "<group>"; };
		226A29132B7DB31F00B81814 /* ApolloClient.swift */ = {isa = PBXFileReference; lastKnownFileType = sourcecode.swift; name = ApolloClient.swift; path = "ewarga-ios/Utils/ApolloClient.swift"; sourceTree = SOURCE_ROOT; };
		226A29172B7DB3C100B81814 /* InstansiViewModel.swift */ = {isa = PBXFileReference; lastKnownFileType = sourcecode.swift; name = InstansiViewModel.swift; path = "ewarga-ios/ViewModel/InstansiViewModel.swift"; sourceTree = SOURCE_ROOT; };
		226A291A2B7DB4BA00B81814 /* Network.swift */ = {isa = PBXFileReference; lastKnownFileType = sourcecode.swift; path = Network.swift; sourceTree = "<group>"; };
		226A291C2B7DB51200B81814 /* NetworkInterceptorProvider.swift */ = {isa = PBXFileReference; lastKnownFileType = sourcecode.swift; path = NetworkInterceptorProvider.swift; sourceTree = "<group>"; };
		226A291E2B7DB53700B81814 /* InterceptorBearer.swift */ = {isa = PBXFileReference; lastKnownFileType = sourcecode.swift; path = InterceptorBearer.swift; sourceTree = "<group>"; };
		226A29242B7DB83800B81814 /* EwargaGrapqlApi */ = {isa = PBXFileReference; lastKnownFileType = wrapper; path = EwargaGrapqlApi; sourceTree = "<group>"; };
		226A29252B7DBC2F00B81814 /* Constans.swift */ = {isa = PBXFileReference; lastKnownFileType = sourcecode.swift; path = Constans.swift; sourceTree = "<group>"; };
		226A29282B7DBC9F00B81814 /* SessionTokenHolder.swift */ = {isa = PBXFileReference; lastKnownFileType = sourcecode.swift; path = SessionTokenHolder.swift; sourceTree = "<group>"; };
		226CC5D02B82EFB9001C649E /* BroadcastViewModel.swift */ = {isa = PBXFileReference; lastKnownFileType = sourcecode.swift; path = BroadcastViewModel.swift; sourceTree = "<group>"; };
		226CC5D22B82F1A6001C649E /* CreateBroadcast.graphql */ = {isa = PBXFileReference; lastKnownFileType = text; path = CreateBroadcast.graphql; sourceTree = "<group>"; };
		226CC5D42B844D9E001C649E /* BroadcastRepository.swift */ = {isa = PBXFileReference; lastKnownFileType = sourcecode.swift; path = BroadcastRepository.swift; sourceTree = "<group>"; };
		22E371BE2B7EF85C00C4D53E /* WargaViewModel.swift */ = {isa = PBXFileReference; lastKnownFileType = sourcecode.swift; path = WargaViewModel.swift; sourceTree = "<group>"; };
		22E371C02B7EFB2F00C4D53E /* ServiceError.swift */ = {isa = PBXFileReference; lastKnownFileType = sourcecode.swift; path = ServiceError.swift; sourceTree = "<group>"; };
		22E371C22B7EFEE100C4D53E /* BuilderMain.swift */ = {isa = PBXFileReference; lastKnownFileType = sourcecode.swift; path = BuilderMain.swift; sourceTree = "<group>"; };
		22E371C52B7F047A00C4D53E /* SearchBar.swift */ = {isa = PBXFileReference; lastKnownFileType = sourcecode.swift; path = SearchBar.swift; sourceTree = "<group>"; };
		22F9063A2B7F369E00740E4D /* MasterViewModel.swift */ = {isa = PBXFileReference; lastKnownFileType = sourcecode.swift; path = MasterViewModel.swift; sourceTree = "<group>"; };
		22F9063C2B7F3B1000740E4D /* PageMain.swift */ = {isa = PBXFileReference; lastKnownFileType = sourcecode.swift; path = PageMain.swift; sourceTree = "<group>"; };
		22F9063E2B7F3E0E00740E4D /* FormBroadcastView.swift */ = {isa = PBXFileReference; lastKnownFileType = sourcecode.swift; path = FormBroadcastView.swift; sourceTree = "<group>"; };
/* End PBXFileReference section */

/* Begin PBXFrameworksBuildPhase section */
		22531EFD2B7B011B000D25C7 /* Frameworks */ = {
			isa = PBXFrameworksBuildPhase;
			buildActionMask = 2147483647;
			files = (
				22628F9B2B86EC8900097973 /* RealmSwift in Frameworks */,
				22628F992B86EC8900097973 /* Realm in Frameworks */,
				22531F382B7B0EC1000D25C7 /* Apollo in Frameworks */,
				22098FA32B7DF87A00466644 /* EwargaGrapqlApi in Frameworks */,
			);
			runOnlyForDeploymentPostprocessing = 0;
		};
		22531F0D2B7B011D000D25C7 /* Frameworks */ = {
			isa = PBXFrameworksBuildPhase;
			buildActionMask = 2147483647;
			files = (
			);
			runOnlyForDeploymentPostprocessing = 0;
		};
		22531F172B7B011D000D25C7 /* Frameworks */ = {
			isa = PBXFrameworksBuildPhase;
			buildActionMask = 2147483647;
			files = (
			);
			runOnlyForDeploymentPostprocessing = 0;
		};
/* End PBXFrameworksBuildPhase section */

/* Begin PBXGroup section */
		22098FA72B7E113B00466644 /* Auth */ = {
			isa = PBXGroup;
			children = (
				22531F302B7B0407000D25C7 /* AuthView.swift */,
			);
			path = Auth;
			sourceTree = "<group>";
		};
		22098FAB2B7E11D100466644 /* SideMenu */ = {
			isa = PBXGroup;
			children = (
				22098FAE2B7E11EE00466644 /* SideMenuView.swift */,
				22098FBE2B7E139700466644 /* SideMenu.swift */,
			);
			path = SideMenu;
			sourceTree = "<group>";
		};
		22098FB22B7E127100466644 /* Beranda */ = {
			isa = PBXGroup;
			children = (
				22098FB72B7E129D00466644 /* BerandaView.swift */,
			);
			path = Beranda;
			sourceTree = "<group>";
		};
		22098FB32B7E127B00466644 /* Warga */ = {
			isa = PBXGroup;
			children = (
				22098FB52B7E129000466644 /* WargaView.swift */,
			);
			path = Warga;
			sourceTree = "<group>";
		};
		22098FBB2B7E134600466644 /* Broadcast */ = {
			isa = PBXGroup;
			children = (
				22098FBC2B7E135000466644 /* BroadcastView.swift */,
				22F9063E2B7F3E0E00740E4D /* FormBroadcastView.swift */,
				22628F9C2B86F59700097973 /* LampiranBroadcastView.swift */,
			);
			path = Broadcast;
			sourceTree = "<group>";
		};
		22531EF72B7B011B000D25C7 = {
			isa = PBXGroup;
			children = (
				22531F022B7B011B000D25C7 /* ewarga-ios */,
				22531F132B7B011D000D25C7 /* ewarga-iosTests */,
				22531F1D2B7B011D000D25C7 /* ewarga-iosUITests */,
				22531F012B7B011B000D25C7 /* Products */,
			);
			sourceTree = "<group>";
		};
		22531F012B7B011B000D25C7 /* Products */ = {
			isa = PBXGroup;
			children = (
				22531F002B7B011B000D25C7 /* ewarga-ios.app */,
				22531F102B7B011D000D25C7 /* ewarga-iosTests.xctest */,
				22531F1A2B7B011D000D25C7 /* ewarga-iosUITests.xctest */,
			);
			name = Products;
			sourceTree = "<group>";
		};
		22531F022B7B011B000D25C7 /* ewarga-ios */ = {
			isa = PBXGroup;
			children = (
				22531F2E2B7B03BD000D25C7 /* Data */,
				226A29212B7DB5B400B81814 /* ViewModel */,
				22531F2D2B7B03B0000D25C7 /* UI */,
				226A29202B7DB59A00B81814 /* Utils */,
				22E371C42B7F046A00C4D53E /* Components */,
				226A29242B7DB83800B81814 /* EwargaGrapqlApi */,
				22531F032B7B011B000D25C7 /* ewarga_iosApp.swift */,
				22531F052B7B011B000D25C7 /* ContentView.swift */,
				22531F072B7B011D000D25C7 /* Assets.xcassets */,
				22531F092B7B011D000D25C7 /* Preview Content */,
				226A28F22B7B3D8300B81814 /* apollo-codegen-config.json */,
			);
			path = "ewarga-ios";
			sourceTree = "<group>";
		};
		22531F092B7B011D000D25C7 /* Preview Content */ = {
			isa = PBXGroup;
			children = (
				22531F0A2B7B011D000D25C7 /* Preview Assets.xcassets */,
			);
			path = "Preview Content";
			sourceTree = "<group>";
		};
		22531F132B7B011D000D25C7 /* ewarga-iosTests */ = {
			isa = PBXGroup;
			children = (
				22531F142B7B011D000D25C7 /* ewarga_iosTests.swift */,
			);
			path = "ewarga-iosTests";
			sourceTree = "<group>";
		};
		22531F1D2B7B011D000D25C7 /* ewarga-iosUITests */ = {
			isa = PBXGroup;
			children = (
				22531F1E2B7B011D000D25C7 /* ewarga_iosUITests.swift */,
				22531F202B7B011D000D25C7 /* ewarga_iosUITestsLaunchTests.swift */,
			);
			path = "ewarga-iosUITests";
			sourceTree = "<group>";
		};
		22531F2D2B7B03B0000D25C7 /* UI */ = {
			isa = PBXGroup;
			children = (
				22098FBB2B7E134600466644 /* Broadcast */,
				22098FB32B7E127B00466644 /* Warga */,
				22098FB22B7E127100466644 /* Beranda */,
				22098FAB2B7E11D100466644 /* SideMenu */,
				22098FA72B7E113B00466644 /* Auth */,
				22098FA92B7E116000466644 /* MainView.swift */,
				22F9063C2B7F3B1000740E4D /* PageMain.swift */,
			);
			path = UI;
			sourceTree = "<group>";
		};
		22531F2E2B7B03BD000D25C7 /* Data */ = {
			isa = PBXGroup;
			children = (
				226A29222B7DB60D00B81814 /* Local */,
				226A29192B7DB49500B81814 /* Remote */,
				22531F332B7B0799000D25C7 /* GraphQL */,
			);
			path = Data;
			sourceTree = "<group>";
		};
		22531F332B7B0799000D25C7 /* GraphQL */ = {
			isa = PBXGroup;
			children = (
				226A29092B7DB06B00B81814 /* schema.graphqls */,
				226A28F42B7B40F300B81814 /* Schemas */,
			);
			path = GraphQL;
			sourceTree = "<group>";
		};
		22628F8F2B86E5D000097973 /* realm */ = {
			isa = PBXGroup;
			children = (
				22628F902B86E6D000097973 /* LampiranBroadcastRealm.swift */,
				22628F9E2B87058D00097973 /* RealmManager.swift */,
			);
			path = realm;
			sourceTree = "<group>";
		};
		22628F922B86E6E900097973 /* model */ = {
			isa = PBXGroup;
			children = (
				22628F932B86E6FF00097973 /* LampiranBroadcastVo.swift */,
			);
			path = model;
			sourceTree = "<group>";
		};
		226A28F42B7B40F300B81814 /* Schemas */ = {
			isa = PBXGroup;
			children = (
				226A28F72B7B416800B81814 /* QueryWarga.graphql */,
				226A28FB2B7B422800B81814 /* QueryInstansi.graphql */,
				226CC5D22B82F1A6001C649E /* CreateBroadcast.graphql */,
			);
			path = Schemas;
			sourceTree = "<group>";
		};
		226A29192B7DB49500B81814 /* Remote */ = {
			isa = PBXGroup;
			children = (
				226A291A2B7DB4BA00B81814 /* Network.swift */,
				226A291C2B7DB51200B81814 /* NetworkInterceptorProvider.swift */,
				226A291E2B7DB53700B81814 /* InterceptorBearer.swift */,
				22E371C02B7EFB2F00C4D53E /* ServiceError.swift */,
				226CC5D42B844D9E001C649E /* BroadcastRepository.swift */,
			);
			path = Remote;
			sourceTree = "<group>";
		};
		226A29202B7DB59A00B81814 /* Utils */ = {
			isa = PBXGroup;
			children = (
				226A29132B7DB31F00B81814 /* ApolloClient.swift */,
				226A29252B7DBC2F00B81814 /* Constans.swift */,
				22098FA52B7DF8C700466644 /* ApolloError.swift */,
				22098FB02B7E121600466644 /* SideMenuUtils.swift */,
				22E371C22B7EFEE100C4D53E /* BuilderMain.swift */,
			);
			path = Utils;
			sourceTree = "<group>";
		};
		226A29212B7DB5B400B81814 /* ViewModel */ = {
			isa = PBXGroup;
			children = (
				226A29172B7DB3C100B81814 /* InstansiViewModel.swift */,
				22E371BE2B7EF85C00C4D53E /* WargaViewModel.swift */,
				22F9063A2B7F369E00740E4D /* MasterViewModel.swift */,
				226CC5D02B82EFB9001C649E /* BroadcastViewModel.swift */,
			);
			path = ViewModel;
			sourceTree = "<group>";
		};
		226A29222B7DB60D00B81814 /* Local */ = {
			isa = PBXGroup;
			children = (
				22628F922B86E6E900097973 /* model */,
				22628F8F2B86E5D000097973 /* realm */,
				226A29272B7DBC8D00B81814 /* sp */,
			);
			path = Local;
			sourceTree = "<group>";
		};
		226A29272B7DBC8D00B81814 /* sp */ = {
			isa = PBXGroup;
			children = (
				226A29282B7DBC9F00B81814 /* SessionTokenHolder.swift */,
			);
			path = sp;
			sourceTree = "<group>";
		};
		22E371C42B7F046A00C4D53E /* Components */ = {
			isa = PBXGroup;
			children = (
				22E371C52B7F047A00C4D53E /* SearchBar.swift */,
			);
			path = Components;
			sourceTree = "<group>";
		};
/* End PBXGroup section */

/* Begin PBXNativeTarget section */
		22531EFF2B7B011B000D25C7 /* ewarga-ios */ = {
			isa = PBXNativeTarget;
			buildConfigurationList = 22531F242B7B011D000D25C7 /* Build configuration list for PBXNativeTarget "ewarga-ios" */;
			buildPhases = (
				22531EFC2B7B011B000D25C7 /* Sources */,
				22531EFD2B7B011B000D25C7 /* Frameworks */,
				22531EFE2B7B011B000D25C7 /* Resources */,
			);
			buildRules = (
			);
			dependencies = (
			);
			name = "ewarga-ios";
			packageProductDependencies = (
				22531F372B7B0EC1000D25C7 /* Apollo */,
				22098FA22B7DF87A00466644 /* EwargaGrapqlApi */,
				22628F982B86EC8900097973 /* Realm */,
				22628F9A2B86EC8900097973 /* RealmSwift */,
			);
			productName = "ewarga-ios";
			productReference = 22531F002B7B011B000D25C7 /* ewarga-ios.app */;
			productType = "com.apple.product-type.application";
		};
		22531F0F2B7B011D000D25C7 /* ewarga-iosTests */ = {
			isa = PBXNativeTarget;
			buildConfigurationList = 22531F272B7B011D000D25C7 /* Build configuration list for PBXNativeTarget "ewarga-iosTests" */;
			buildPhases = (
				22531F0C2B7B011D000D25C7 /* Sources */,
				22531F0D2B7B011D000D25C7 /* Frameworks */,
				22531F0E2B7B011D000D25C7 /* Resources */,
			);
			buildRules = (
			);
			dependencies = (
				22531F122B7B011D000D25C7 /* PBXTargetDependency */,
			);
			name = "ewarga-iosTests";
			productName = "ewarga-iosTests";
			productReference = 22531F102B7B011D000D25C7 /* ewarga-iosTests.xctest */;
			productType = "com.apple.product-type.bundle.unit-test";
		};
		22531F192B7B011D000D25C7 /* ewarga-iosUITests */ = {
			isa = PBXNativeTarget;
			buildConfigurationList = 22531F2A2B7B011D000D25C7 /* Build configuration list for PBXNativeTarget "ewarga-iosUITests" */;
			buildPhases = (
				22531F162B7B011D000D25C7 /* Sources */,
				22531F172B7B011D000D25C7 /* Frameworks */,
				22531F182B7B011D000D25C7 /* Resources */,
			);
			buildRules = (
			);
			dependencies = (
				22531F1C2B7B011D000D25C7 /* PBXTargetDependency */,
			);
			name = "ewarga-iosUITests";
			productName = "ewarga-iosUITests";
			productReference = 22531F1A2B7B011D000D25C7 /* ewarga-iosUITests.xctest */;
			productType = "com.apple.product-type.bundle.ui-testing";
		};
/* End PBXNativeTarget section */

/* Begin PBXProject section */
		22531EF82B7B011B000D25C7 /* Project object */ = {
			isa = PBXProject;
			attributes = {
				BuildIndependentTargetsInParallel = 1;
				LastSwiftUpdateCheck = 1430;
				LastUpgradeCheck = 1430;
				TargetAttributes = {
					22531EFF2B7B011B000D25C7 = {
						CreatedOnToolsVersion = 14.3.1;
					};
					22531F0F2B7B011D000D25C7 = {
						CreatedOnToolsVersion = 14.3.1;
						TestTargetID = 22531EFF2B7B011B000D25C7;
					};
					22531F192B7B011D000D25C7 = {
						CreatedOnToolsVersion = 14.3.1;
						TestTargetID = 22531EFF2B7B011B000D25C7;
					};
				};
			};
			buildConfigurationList = 22531EFB2B7B011B000D25C7 /* Build configuration list for PBXProject "ewarga-ios" */;
			compatibilityVersion = "Xcode 13.0";
			developmentRegion = en;
			hasScannedForEncodings = 0;
			knownRegions = (
				en,
				Base,
			);
			mainGroup = 22531EF72B7B011B000D25C7;
			packageReferences = (
				22531F362B7B0EC1000D25C7 /* XCRemoteSwiftPackageReference "apollo-ios" */,
				22098FA12B7DF87A00466644 /* XCLocalSwiftPackageReference "ewarga-ios/EwargaGrapqlApi" */,
				22628F972B86EC8900097973 /* XCRemoteSwiftPackageReference "realm-swift" */,
			);
			productRefGroup = 22531F012B7B011B000D25C7 /* Products */;
			projectDirPath = "";
			projectRoot = "";
			targets = (
				22531EFF2B7B011B000D25C7 /* ewarga-ios */,
				22531F0F2B7B011D000D25C7 /* ewarga-iosTests */,
				22531F192B7B011D000D25C7 /* ewarga-iosUITests */,
			);
		};
/* End PBXProject section */

/* Begin PBXResourcesBuildPhase section */
		22531EFE2B7B011B000D25C7 /* Resources */ = {
			isa = PBXResourcesBuildPhase;
			buildActionMask = 2147483647;
			files = (
				22531F0B2B7B011D000D25C7 /* Preview Assets.xcassets in Resources */,
				226CC5D32B82F1A6001C649E /* CreateBroadcast.graphql in Resources */,
				226A290A2B7DB06B00B81814 /* schema.graphqls in Resources */,
				22531F082B7B011D000D25C7 /* Assets.xcassets in Resources */,
				226A28FC2B7B422800B81814 /* QueryInstansi.graphql in Resources */,
				226A28F82B7B416800B81814 /* QueryWarga.graphql in Resources */,
			);
			runOnlyForDeploymentPostprocessing = 0;
		};
		22531F0E2B7B011D000D25C7 /* Resources */ = {
			isa = PBXResourcesBuildPhase;
			buildActionMask = 2147483647;
			files = (
			);
			runOnlyForDeploymentPostprocessing = 0;
		};
		22531F182B7B011D000D25C7 /* Resources */ = {
			isa = PBXResourcesBuildPhase;
			buildActionMask = 2147483647;
			files = (
			);
			runOnlyForDeploymentPostprocessing = 0;
		};
/* End PBXResourcesBuildPhase section */

/* Begin PBXSourcesBuildPhase section */
		22531EFC2B7B011B000D25C7 /* Sources */ = {
			isa = PBXSourcesBuildPhase;
			buildActionMask = 2147483647;
			files = (
				22098FB82B7E129D00466644 /* BerandaView.swift in Sources */,
				22098FB12B7E121600466644 /* SideMenuUtils.swift in Sources */,
				226A29292B7DBC9F00B81814 /* SessionTokenHolder.swift in Sources */,
				22098FAA2B7E116000466644 /* MainView.swift in Sources */,
				22098FA62B7DF8C700466644 /* ApolloError.swift in Sources */,
				22098FAF2B7E11EE00466644 /* SideMenuView.swift in Sources */,
				226A28F32B7B3D8300B81814 /* apollo-codegen-config.json in Sources */,
				22531F062B7B011B000D25C7 /* ContentView.swift in Sources */,
				22628F912B86E6D000097973 /* LampiranBroadcastRealm.swift in Sources */,
				22F9063D2B7F3B1000740E4D /* PageMain.swift in Sources */,
				22098FB62B7E129000466644 /* WargaView.swift in Sources */,
				226A29262B7DBC2F00B81814 /* Constans.swift in Sources */,
				22628F942B86E6FF00097973 /* LampiranBroadcastVo.swift in Sources */,
				22531F042B7B011B000D25C7 /* ewarga_iosApp.swift in Sources */,
				22531F312B7B0407000D25C7 /* AuthView.swift in Sources */,
				22E371C12B7EFB2F00C4D53E /* ServiceError.swift in Sources */,
				22628F9D2B86F59700097973 /* LampiranBroadcastView.swift in Sources */,
				22098FBD2B7E135000466644 /* BroadcastView.swift in Sources */,
				226CC5D12B82EFB9001C649E /* BroadcastViewModel.swift in Sources */,
				22E371BF2B7EF85C00C4D53E /* WargaViewModel.swift in Sources */,
				226A29142B7DB31F00B81814 /* ApolloClient.swift in Sources */,
				22F9063B2B7F369E00740E4D /* MasterViewModel.swift in Sources */,
				22E371C62B7F047A00C4D53E /* SearchBar.swift in Sources */,
				226A291B2B7DB4BA00B81814 /* Network.swift in Sources */,
				22098FBF2B7E139700466644 /* SideMenu.swift in Sources */,
				22628F9F2B87058D00097973 /* RealmManager.swift in Sources */,
				22E371C32B7EFEE100C4D53E /* BuilderMain.swift in Sources */,
				226A291F2B7DB53700B81814 /* InterceptorBearer.swift in Sources */,
				226A291D2B7DB51200B81814 /* NetworkInterceptorProvider.swift in Sources */,
				22F9063F2B7F3E0E00740E4D /* FormBroadcastView.swift in Sources */,
				226A29182B7DB3C100B81814 /* InstansiViewModel.swift in Sources */,
				226CC5D52B844D9F001C649E /* BroadcastRepository.swift in Sources */,
			);
			runOnlyForDeploymentPostprocessing = 0;
		};
		22531F0C2B7B011D000D25C7 /* Sources */ = {
			isa = PBXSourcesBuildPhase;
			buildActionMask = 2147483647;
			files = (
				22531F152B7B011D000D25C7 /* ewarga_iosTests.swift in Sources */,
			);
			runOnlyForDeploymentPostprocessing = 0;
		};
		22531F162B7B011D000D25C7 /* Sources */ = {
			isa = PBXSourcesBuildPhase;
			buildActionMask = 2147483647;
			files = (
				22531F1F2B7B011D000D25C7 /* ewarga_iosUITests.swift in Sources */,
				22531F212B7B011D000D25C7 /* ewarga_iosUITestsLaunchTests.swift in Sources */,
			);
			runOnlyForDeploymentPostprocessing = 0;
		};
/* End PBXSourcesBuildPhase section */

/* Begin PBXTargetDependency section */
		22531F122B7B011D000D25C7 /* PBXTargetDependency */ = {
			isa = PBXTargetDependency;
			target = 22531EFF2B7B011B000D25C7 /* ewarga-ios */;
			targetProxy = 22531F112B7B011D000D25C7 /* PBXContainerItemProxy */;
		};
		22531F1C2B7B011D000D25C7 /* PBXTargetDependency */ = {
			isa = PBXTargetDependency;
			target = 22531EFF2B7B011B000D25C7 /* ewarga-ios */;
			targetProxy = 22531F1B2B7B011D000D25C7 /* PBXContainerItemProxy */;
		};
/* End PBXTargetDependency section */

/* Begin XCBuildConfiguration section */
		22531F222B7B011D000D25C7 /* Debug */ = {
			isa = XCBuildConfiguration;
			buildSettings = {
				ALWAYS_SEARCH_USER_PATHS = NO;
				CLANG_ANALYZER_NONNULL = YES;
				CLANG_ANALYZER_NUMBER_OBJECT_CONVERSION = YES_AGGRESSIVE;
				CLANG_CXX_LANGUAGE_STANDARD = "gnu++20";
				CLANG_ENABLE_MODULES = YES;
				CLANG_ENABLE_OBJC_ARC = YES;
				CLANG_ENABLE_OBJC_WEAK = YES;
				CLANG_WARN_BLOCK_CAPTURE_AUTORELEASING = YES;
				CLANG_WARN_BOOL_CONVERSION = YES;
				CLANG_WARN_COMMA = YES;
				CLANG_WARN_CONSTANT_CONVERSION = YES;
				CLANG_WARN_DEPRECATED_OBJC_IMPLEMENTATIONS = YES;
				CLANG_WARN_DIRECT_OBJC_ISA_USAGE = YES_ERROR;
				CLANG_WARN_DOCUMENTATION_COMMENTS = YES;
				CLANG_WARN_EMPTY_BODY = YES;
				CLANG_WARN_ENUM_CONVERSION = YES;
				CLANG_WARN_INFINITE_RECURSION = YES;
				CLANG_WARN_INT_CONVERSION = YES;
				CLANG_WARN_NON_LITERAL_NULL_CONVERSION = YES;
				CLANG_WARN_OBJC_IMPLICIT_RETAIN_SELF = YES;
				CLANG_WARN_OBJC_LITERAL_CONVERSION = YES;
				CLANG_WARN_OBJC_ROOT_CLASS = YES_ERROR;
				CLANG_WARN_QUOTED_INCLUDE_IN_FRAMEWORK_HEADER = YES;
				CLANG_WARN_RANGE_LOOP_ANALYSIS = YES;
				CLANG_WARN_STRICT_PROTOTYPES = YES;
				CLANG_WARN_SUSPICIOUS_MOVE = YES;
				CLANG_WARN_UNGUARDED_AVAILABILITY = YES_AGGRESSIVE;
				CLANG_WARN_UNREACHABLE_CODE = YES;
				CLANG_WARN__DUPLICATE_METHOD_MATCH = YES;
				COPY_PHASE_STRIP = NO;
				DEBUG_INFORMATION_FORMAT = dwarf;
				ENABLE_STRICT_OBJC_MSGSEND = YES;
				ENABLE_TESTABILITY = YES;
				GCC_C_LANGUAGE_STANDARD = gnu11;
				GCC_DYNAMIC_NO_PIC = NO;
				GCC_NO_COMMON_BLOCKS = YES;
				GCC_OPTIMIZATION_LEVEL = 0;
				GCC_PREPROCESSOR_DEFINITIONS = (
					"DEBUG=1",
					"$(inherited)",
				);
				GCC_WARN_64_TO_32_BIT_CONVERSION = YES;
				GCC_WARN_ABOUT_RETURN_TYPE = YES_ERROR;
				GCC_WARN_UNDECLARED_SELECTOR = YES;
				GCC_WARN_UNINITIALIZED_AUTOS = YES_AGGRESSIVE;
				GCC_WARN_UNUSED_FUNCTION = YES;
				GCC_WARN_UNUSED_VARIABLE = YES;
				IPHONEOS_DEPLOYMENT_TARGET = 16.4;
				MTL_ENABLE_DEBUG_INFO = INCLUDE_SOURCE;
				MTL_FAST_MATH = YES;
				ONLY_ACTIVE_ARCH = YES;
				SDKROOT = iphoneos;
				SWIFT_ACTIVE_COMPILATION_CONDITIONS = DEBUG;
				SWIFT_OPTIMIZATION_LEVEL = "-Onone";
			};
			name = Debug;
		};
		22531F232B7B011D000D25C7 /* Release */ = {
			isa = XCBuildConfiguration;
			buildSettings = {
				ALWAYS_SEARCH_USER_PATHS = NO;
				CLANG_ANALYZER_NONNULL = YES;
				CLANG_ANALYZER_NUMBER_OBJECT_CONVERSION = YES_AGGRESSIVE;
				CLANG_CXX_LANGUAGE_STANDARD = "gnu++20";
				CLANG_ENABLE_MODULES = YES;
				CLANG_ENABLE_OBJC_ARC = YES;
				CLANG_ENABLE_OBJC_WEAK = YES;
				CLANG_WARN_BLOCK_CAPTURE_AUTORELEASING = YES;
				CLANG_WARN_BOOL_CONVERSION = YES;
				CLANG_WARN_COMMA = YES;
				CLANG_WARN_CONSTANT_CONVERSION = YES;
				CLANG_WARN_DEPRECATED_OBJC_IMPLEMENTATIONS = YES;
				CLANG_WARN_DIRECT_OBJC_ISA_USAGE = YES_ERROR;
				CLANG_WARN_DOCUMENTATION_COMMENTS = YES;
				CLANG_WARN_EMPTY_BODY = YES;
				CLANG_WARN_ENUM_CONVERSION = YES;
				CLANG_WARN_INFINITE_RECURSION = YES;
				CLANG_WARN_INT_CONVERSION = YES;
				CLANG_WARN_NON_LITERAL_NULL_CONVERSION = YES;
				CLANG_WARN_OBJC_IMPLICIT_RETAIN_SELF = YES;
				CLANG_WARN_OBJC_LITERAL_CONVERSION = YES;
				CLANG_WARN_OBJC_ROOT_CLASS = YES_ERROR;
				CLANG_WARN_QUOTED_INCLUDE_IN_FRAMEWORK_HEADER = YES;
				CLANG_WARN_RANGE_LOOP_ANALYSIS = YES;
				CLANG_WARN_STRICT_PROTOTYPES = YES;
				CLANG_WARN_SUSPICIOUS_MOVE = YES;
				CLANG_WARN_UNGUARDED_AVAILABILITY = YES_AGGRESSIVE;
				CLANG_WARN_UNREACHABLE_CODE = YES;
				CLANG_WARN__DUPLICATE_METHOD_MATCH = YES;
				COPY_PHASE_STRIP = NO;
				DEBUG_INFORMATION_FORMAT = "dwarf-with-dsym";
				ENABLE_NS_ASSERTIONS = NO;
				ENABLE_STRICT_OBJC_MSGSEND = YES;
				GCC_C_LANGUAGE_STANDARD = gnu11;
				GCC_NO_COMMON_BLOCKS = YES;
				GCC_WARN_64_TO_32_BIT_CONVERSION = YES;
				GCC_WARN_ABOUT_RETURN_TYPE = YES_ERROR;
				GCC_WARN_UNDECLARED_SELECTOR = YES;
				GCC_WARN_UNINITIALIZED_AUTOS = YES_AGGRESSIVE;
				GCC_WARN_UNUSED_FUNCTION = YES;
				GCC_WARN_UNUSED_VARIABLE = YES;
				IPHONEOS_DEPLOYMENT_TARGET = 16.4;
				MTL_ENABLE_DEBUG_INFO = NO;
				MTL_FAST_MATH = YES;
				SDKROOT = iphoneos;
				SWIFT_COMPILATION_MODE = wholemodule;
				SWIFT_OPTIMIZATION_LEVEL = "-O";
				VALIDATE_PRODUCT = YES;
			};
			name = Release;
		};
		22531F252B7B011D000D25C7 /* Debug */ = {
			isa = XCBuildConfiguration;
			buildSettings = {
				ASSETCATALOG_COMPILER_APPICON_NAME = AppIcon;
				ASSETCATALOG_COMPILER_GLOBAL_ACCENT_COLOR_NAME = AccentColor;
				CODE_SIGN_STYLE = Automatic;
				CURRENT_PROJECT_VERSION = 1;
				DEVELOPMENT_ASSET_PATHS = "\"ewarga-ios/Preview Content\"";
				DEVELOPMENT_TEAM = WZ7369QJSY;
				ENABLE_PREVIEWS = YES;
				GENERATE_INFOPLIST_FILE = YES;
				INFOPLIST_KEY_UIApplicationSceneManifest_Generation = YES;
				INFOPLIST_KEY_UIApplicationSupportsIndirectInputEvents = YES;
				INFOPLIST_KEY_UILaunchScreen_Generation = YES;
				INFOPLIST_KEY_UISupportedInterfaceOrientations_iPad = "UIInterfaceOrientationPortrait UIInterfaceOrientationPortraitUpsideDown UIInterfaceOrientationLandscapeLeft UIInterfaceOrientationLandscapeRight";
				INFOPLIST_KEY_UISupportedInterfaceOrientations_iPhone = "UIInterfaceOrientationPortrait UIInterfaceOrientationLandscapeLeft UIInterfaceOrientationLandscapeRight";
				LD_RUNPATH_SEARCH_PATHS = (
					"$(inherited)",
					"@executable_path/Frameworks",
				);
				MARKETING_VERSION = 1.0;
				PRODUCT_BUNDLE_IDENTIFIER = "id.go.ewarga.ewarga-ios";
				PRODUCT_NAME = "$(TARGET_NAME)";
				SUPPORTED_PLATFORMS = "iphoneos iphonesimulator";
				SUPPORTS_MACCATALYST = NO;
				SUPPORTS_MAC_DESIGNED_FOR_IPHONE_IPAD = NO;
				SWIFT_EMIT_LOC_STRINGS = YES;
				SWIFT_VERSION = 5.0;
				TARGETED_DEVICE_FAMILY = 1;
			};
			name = Debug;
		};
		22531F262B7B011D000D25C7 /* Release */ = {
			isa = XCBuildConfiguration;
			buildSettings = {
				ASSETCATALOG_COMPILER_APPICON_NAME = AppIcon;
				ASSETCATALOG_COMPILER_GLOBAL_ACCENT_COLOR_NAME = AccentColor;
				CODE_SIGN_STYLE = Automatic;
				CURRENT_PROJECT_VERSION = 1;
				DEVELOPMENT_ASSET_PATHS = "\"ewarga-ios/Preview Content\"";
				DEVELOPMENT_TEAM = WZ7369QJSY;
				ENABLE_PREVIEWS = YES;
				GENERATE_INFOPLIST_FILE = YES;
				INFOPLIST_KEY_UIApplicationSceneManifest_Generation = YES;
				INFOPLIST_KEY_UIApplicationSupportsIndirectInputEvents = YES;
				INFOPLIST_KEY_UILaunchScreen_Generation = YES;
				INFOPLIST_KEY_UISupportedInterfaceOrientations_iPad = "UIInterfaceOrientationPortrait UIInterfaceOrientationPortraitUpsideDown UIInterfaceOrientationLandscapeLeft UIInterfaceOrientationLandscapeRight";
				INFOPLIST_KEY_UISupportedInterfaceOrientations_iPhone = "UIInterfaceOrientationPortrait UIInterfaceOrientationLandscapeLeft UIInterfaceOrientationLandscapeRight";
				LD_RUNPATH_SEARCH_PATHS = (
					"$(inherited)",
					"@executable_path/Frameworks",
				);
				MARKETING_VERSION = 1.0;
				PRODUCT_BUNDLE_IDENTIFIER = "id.go.ewarga.ewarga-ios";
				PRODUCT_NAME = "$(TARGET_NAME)";
				SUPPORTED_PLATFORMS = "iphoneos iphonesimulator";
				SUPPORTS_MACCATALYST = NO;
				SUPPORTS_MAC_DESIGNED_FOR_IPHONE_IPAD = NO;
				SWIFT_EMIT_LOC_STRINGS = YES;
				SWIFT_VERSION = 5.0;
				TARGETED_DEVICE_FAMILY = 1;
			};
			name = Release;
		};
		22531F282B7B011D000D25C7 /* Debug */ = {
			isa = XCBuildConfiguration;
			buildSettings = {
				ALWAYS_EMBED_SWIFT_STANDARD_LIBRARIES = YES;
				BUNDLE_LOADER = "$(TEST_HOST)";
				CODE_SIGN_STYLE = Automatic;
				CURRENT_PROJECT_VERSION = 1;
				DEVELOPMENT_TEAM = WZ7369QJSY;
				GENERATE_INFOPLIST_FILE = YES;
				IPHONEOS_DEPLOYMENT_TARGET = 16.4;
				MARKETING_VERSION = 1.0;
				PRODUCT_BUNDLE_IDENTIFIER = "id.go.ewarga.ewarga-iosTests";
				PRODUCT_NAME = "$(TARGET_NAME)";
				SWIFT_EMIT_LOC_STRINGS = NO;
				SWIFT_VERSION = 5.0;
				TARGETED_DEVICE_FAMILY = "1,2";
				TEST_HOST = "$(BUILT_PRODUCTS_DIR)/ewarga-ios.app/$(BUNDLE_EXECUTABLE_FOLDER_PATH)/ewarga-ios";
			};
			name = Debug;
		};
		22531F292B7B011D000D25C7 /* Release */ = {
			isa = XCBuildConfiguration;
			buildSettings = {
				ALWAYS_EMBED_SWIFT_STANDARD_LIBRARIES = YES;
				BUNDLE_LOADER = "$(TEST_HOST)";
				CODE_SIGN_STYLE = Automatic;
				CURRENT_PROJECT_VERSION = 1;
				DEVELOPMENT_TEAM = WZ7369QJSY;
				GENERATE_INFOPLIST_FILE = YES;
				IPHONEOS_DEPLOYMENT_TARGET = 16.4;
				MARKETING_VERSION = 1.0;
				PRODUCT_BUNDLE_IDENTIFIER = "id.go.ewarga.ewarga-iosTests";
				PRODUCT_NAME = "$(TARGET_NAME)";
				SWIFT_EMIT_LOC_STRINGS = NO;
				SWIFT_VERSION = 5.0;
				TARGETED_DEVICE_FAMILY = "1,2";
				TEST_HOST = "$(BUILT_PRODUCTS_DIR)/ewarga-ios.app/$(BUNDLE_EXECUTABLE_FOLDER_PATH)/ewarga-ios";
			};
			name = Release;
		};
		22531F2B2B7B011D000D25C7 /* Debug */ = {
			isa = XCBuildConfiguration;
			buildSettings = {
				ALWAYS_EMBED_SWIFT_STANDARD_LIBRARIES = YES;
				CODE_SIGN_STYLE = Automatic;
				CURRENT_PROJECT_VERSION = 1;
				DEVELOPMENT_TEAM = WZ7369QJSY;
				GENERATE_INFOPLIST_FILE = YES;
				MARKETING_VERSION = 1.0;
				PRODUCT_BUNDLE_IDENTIFIER = "id.go.ewarga.ewarga-iosUITests";
				PRODUCT_NAME = "$(TARGET_NAME)";
				SWIFT_EMIT_LOC_STRINGS = NO;
				SWIFT_VERSION = 5.0;
				TARGETED_DEVICE_FAMILY = "1,2";
				TEST_TARGET_NAME = "ewarga-ios";
			};
			name = Debug;
		};
		22531F2C2B7B011D000D25C7 /* Release */ = {
			isa = XCBuildConfiguration;
			buildSettings = {
				ALWAYS_EMBED_SWIFT_STANDARD_LIBRARIES = YES;
				CODE_SIGN_STYLE = Automatic;
				CURRENT_PROJECT_VERSION = 1;
				DEVELOPMENT_TEAM = WZ7369QJSY;
				GENERATE_INFOPLIST_FILE = YES;
				MARKETING_VERSION = 1.0;
				PRODUCT_BUNDLE_IDENTIFIER = "id.go.ewarga.ewarga-iosUITests";
				PRODUCT_NAME = "$(TARGET_NAME)";
				SWIFT_EMIT_LOC_STRINGS = NO;
				SWIFT_VERSION = 5.0;
				TARGETED_DEVICE_FAMILY = "1,2";
				TEST_TARGET_NAME = "ewarga-ios";
			};
			name = Release;
		};
/* End XCBuildConfiguration section */

/* Begin XCConfigurationList section */
		22531EFB2B7B011B000D25C7 /* Build configuration list for PBXProject "ewarga-ios" */ = {
			isa = XCConfigurationList;
			buildConfigurations = (
				22531F222B7B011D000D25C7 /* Debug */,
				22531F232B7B011D000D25C7 /* Release */,
			);
			defaultConfigurationIsVisible = 0;
			defaultConfigurationName = Release;
		};
		22531F242B7B011D000D25C7 /* Build configuration list for PBXNativeTarget "ewarga-ios" */ = {
			isa = XCConfigurationList;
			buildConfigurations = (
				22531F252B7B011D000D25C7 /* Debug */,
				22531F262B7B011D000D25C7 /* Release */,
			);
			defaultConfigurationIsVisible = 0;
			defaultConfigurationName = Release;
		};
		22531F272B7B011D000D25C7 /* Build configuration list for PBXNativeTarget "ewarga-iosTests" */ = {
			isa = XCConfigurationList;
			buildConfigurations = (
				22531F282B7B011D000D25C7 /* Debug */,
				22531F292B7B011D000D25C7 /* Release */,
			);
			defaultConfigurationIsVisible = 0;
			defaultConfigurationName = Release;
		};
		22531F2A2B7B011D000D25C7 /* Build configuration list for PBXNativeTarget "ewarga-iosUITests" */ = {
			isa = XCConfigurationList;
			buildConfigurations = (
				22531F2B2B7B011D000D25C7 /* Debug */,
				22531F2C2B7B011D000D25C7 /* Release */,
			);
			defaultConfigurationIsVisible = 0;
			defaultConfigurationName = Release;
		};
/* End XCConfigurationList section */

/* Begin XCLocalSwiftPackageReference section */
		22098FA12B7DF87A00466644 /* XCLocalSwiftPackageReference "ewarga-ios/EwargaGrapqlApi" */ = {
			isa = XCLocalSwiftPackageReference;
			relativePath = "ewarga-ios/EwargaGrapqlApi";
		};
/* End XCLocalSwiftPackageReference section */

/* Begin XCRemoteSwiftPackageReference section */
		22531F362B7B0EC1000D25C7 /* XCRemoteSwiftPackageReference "apollo-ios" */ = {
			isa = XCRemoteSwiftPackageReference;
			repositoryURL = "https://github.com/apollographql/apollo-ios.git";
			requirement = {
				kind = upToNextMajorVersion;
				minimumVersion = 1.0.0;
			};
		};
		22628F972B86EC8900097973 /* XCRemoteSwiftPackageReference "realm-swift" */ = {
			isa = XCRemoteSwiftPackageReference;
			repositoryURL = "https://github.com/realm/realm-swift.git";
			requirement = {
				branch = master;
				kind = branch;
			};
		};
/* End XCRemoteSwiftPackageReference section */

/* Begin XCSwiftPackageProductDependency section */
		22098FA22B7DF87A00466644 /* EwargaGrapqlApi */ = {
			isa = XCSwiftPackageProductDependency;
			productName = EwargaGrapqlApi;
		};
		22531F372B7B0EC1000D25C7 /* Apollo */ = {
			isa = XCSwiftPackageProductDependency;
			package = 22531F362B7B0EC1000D25C7 /* XCRemoteSwiftPackageReference "apollo-ios" */;
			productName = Apollo;
		};
		22628F982B86EC8900097973 /* Realm */ = {
			isa = XCSwiftPackageProductDependency;
			package = 22628F972B86EC8900097973 /* XCRemoteSwiftPackageReference "realm-swift" */;
			productName = Realm;
		};
		22628F9A2B86EC8900097973 /* RealmSwift */ = {
			isa = XCSwiftPackageProductDependency;
			package = 22628F972B86EC8900097973 /* XCRemoteSwiftPackageReference "realm-swift" */;
			productName = RealmSwift;
		};
/* End XCSwiftPackageProductDependency section */
	};
	rootObject = 22531EF82B7B011B000D25C7 /* Project object */;
}
